<?xml version="1.0" encoding="utf-8"?>
<Project ToolsVersion="4.0" xmlns="http://schemas.microsoft.com/developer/msbuild/2003">
  <ItemGroup>
    <Filter Include="Source Files">
      <UniqueIdentifier>{4FC737F1-C7A5-4376-A066-2A32D752A2FF}</UniqueIdentifier>
      <Extensions>cpp;c;cc;cxx;def;odl;idl;hpj;bat;asm;asmx</Extensions>
    </Filter>
    <Filter Include="Header Files">
      <UniqueIdentifier>{93995380-89BD-4b04-88EB-625FBE52EBFB}</UniqueIdentifier>
      <Extensions>h;hh;hpp;hxx;hm;inl;inc;xsd</Extensions>
    </Filter>
    <Filter Include="Resource Files">
      <UniqueIdentifier>{67DA6AB6-F800-4c08-8B7A-83BB121AAD01}</UniqueIdentifier>
      <Extensions>rc;ico;cur;bmp;dlg;rc2;rct;bin;rgs;gif;jpg;jpeg;jpe;resx;tiff;tif;png;wav;mfcribbon-ms</Extensions>
    </Filter>
  </ItemGroup>
  <ItemGroup>
    <Text Include="ReadMe.txt" />
  </ItemGroup>
  <ItemGroup>
    <ClInclude Include="stdafx.h">
      <Filter>Header Files</Filter>
    </ClInclude>
    <ClInclude Include="targetver.h">
      <Filter>Header Files</Filter>
    </ClInclude>
    <ClInclude Include="Weights.h">
      <Filter>Header Files</Filter>
    </ClInclude>
    <ClInclude Include="Step.h">
      <Filter>Header Files</Filter>
    </ClInclude>
    <ClInclude Include="nnlib.h">
      <Filter>Header Files</Filter>
    </ClInclude>
    <ClInclude Include="RectangularStep.h">
      <Filter>Header Files</Filter>
    </ClInclude>
    <ClInclude Include="RectangularWeights.h">
      <Filter>Header Files</Filter>
    </ClInclude>
    <ClInclude Include="ConvolutionWeights.h">
      <Filter>Header Files</Filter>
    </ClInclude>
    <ClInclude Include="BiasedWeights.h">
      <Filter>Header Files</Filter>
    </ClInclude>
    <ClInclude Include="SubsamplingWeights.h">
      <Filter>Header Files</Filter>
    </ClInclude>
    <ClInclude Include="FeedForwardWeights.h">
      <Filter>Header Files</Filter>
    </ClInclude>
    <ClInclude Include="MarkingWeights.h">
      <Filter>Header Files</Filter>
    </ClInclude>
    <ClInclude Include="LeNetConfiguration.h">
      <Filter>Header Files</Filter>
    </ClInclude>
    <ClInclude Include="LeNetNetwork.h">
      <Filter>Header Files</Filter>
    </ClInclude>
    <ClInclude Include="ConvolutionStep.h">
      <Filter>Header Files</Filter>
    </ClInclude>
    <ClInclude Include="SubsamplingStep.h">
      <Filter>Header Files</Filter>
    </ClInclude>
    <ClInclude Include="FeedForwardStep.h">
      <Filter>Header Files</Filter>
    </ClInclude>
    <ClInclude Include="MarkingStep.h">
      <Filter>Header Files</Filter>
    </ClInclude>
    <ClInclude Include="InputStep.h">
      <Filter>Header Files</Filter>
    </ClInclude>
    <ClInclude Include="DataSetItem.h">
      <Filter>Header Files</Filter>
    </ClInclude>
    <ClInclude Include="TrainingResults.h">
      <Filter>Header Files</Filter>
    </ClInclude>
    <ClInclude Include="FlatStep.h">
      <Filter>Header Files</Filter>
    </ClInclude>
  </ItemGroup>
  <ItemGroup>
    <ClCompile Include="stdafx.cpp">
      <Filter>Source Files</Filter>
    </ClCompile>
    <ClCompile Include="NeuralNetworkLibrary.cpp">
      <Filter>Source Files</Filter>
    </ClCompile>
    <ClCompile Include="dllmain.cpp">
      <Filter>Source Files</Filter>
    </ClCompile>
    <ClCompile Include="Step.cpp">
      <Filter>Source Files</Filter>
    </ClCompile>
    <ClCompile Include="Weights.cpp">
      <Filter>Source Files</Filter>
    </ClCompile>
    <ClCompile Include="RectangularStep.cpp">
      <Filter>Source Files</Filter>
    </ClCompile>
    <ClCompile Include="RectangularWeights.cpp">
      <Filter>Source Files</Filter>
    </ClCompile>
    <ClCompile Include="ConvolutionWeights.cpp">
      <Filter>Source Files</Filter>
    </ClCompile>
    <ClCompile Include="BiasedWeights.cpp">
      <Filter>Source Files</Filter>
    </ClCompile>
    <ClCompile Include="SubsamplingWeights.cpp">
      <Filter>Source Files</Filter>
    </ClCompile>
    <ClCompile Include="FeedForwardWeights.cpp">
      <Filter>Source Files</Filter>
    </ClCompile>
    <ClCompile Include="MarkingWeights.cpp">
      <Filter>Source Files</Filter>
    </ClCompile>
    <ClCompile Include="LeNetNetwork.cpp">
      <Filter>Source Files</Filter>
    </ClCompile>
    <ClCompile Include="ConvolutionStep.cpp">
      <Filter>Source Files</Filter>
    </ClCompile>
    <ClCompile Include="SubsamplingStep.cpp">
      <Filter>Source Files</Filter>
    </ClCompile>
    <ClCompile Include="FeedForwardStep.cpp">
      <Filter>Source Files</Filter>
    </ClCompile>
    <ClCompile Include="MarkingStep.cpp">
      <Filter>Source Files</Filter>
    </ClCompile>
    <ClCompile Include="InputStep.cpp">
      <Filter>Source Files</Filter>
    </ClCompile>
    <ClCompile Include="TrainingResults.cpp">
      <Filter>Source Files</Filter>
    </ClCompile>
    <ClCompile Include="FlatStep.cpp">
      <Filter>Source Files</Filter>
    </ClCompile>
    <ClCompile Include="LeNetConfiguration.cpp">
      <Filter>Source Files</Filter>
    </ClCompile>
  </ItemGroup>
</Project>